// !$*UTF8*$!
{
	archiveVersion = 1;
	classes = {
	};
	objectVersion = 46;
	objects = {

/* Begin PBXBuildFile section */
		3C146B1C1DC9603300ADDEB0 /* HistoryViewController.swift in Sources */ = {isa = PBXBuildFile; fileRef = 3C146B1B1DC9603300ADDEB0 /* HistoryViewController.swift */; };
		3C16F0011DBC05BE00B6190B /* AppDelegate.swift in Sources */ = {isa = PBXBuildFile; fileRef = 3C16F0001DBC05BE00B6190B /* AppDelegate.swift */; };
		3C16F0031DBC05BE00B6190B /* ViewController.swift in Sources */ = {isa = PBXBuildFile; fileRef = 3C16F0021DBC05BE00B6190B /* ViewController.swift */; };
		3C16F0061DBC05BE00B6190B /* Main.storyboard in Resources */ = {isa = PBXBuildFile; fileRef = 3C16F0041DBC05BE00B6190B /* Main.storyboard */; };
		3C16F0081DBC05BE00B6190B /* Assets.xcassets in Resources */ = {isa = PBXBuildFile; fileRef = 3C16F0071DBC05BE00B6190B /* Assets.xcassets */; };
		3C16F00B1DBC05BE00B6190B /* LaunchScreen.storyboard in Resources */ = {isa = PBXBuildFile; fileRef = 3C16F0091DBC05BE00B6190B /* LaunchScreen.storyboard */; };
		3C16F0161DBC05BF00B6190B /* simple_calcTests.swift in Sources */ = {isa = PBXBuildFile; fileRef = 3C16F0151DBC05BF00B6190B /* simple_calcTests.swift */; };
		3C16F0211DBC05BF00B6190B /* simple_calcUITests.swift in Sources */ = {isa = PBXBuildFile; fileRef = 3C16F0201DBC05BF00B6190B /* simple_calcUITests.swift */; };
		3C16F02F1DBC995900B6190B /* ViewControllerbackup.bk in Sources */ = {isa = PBXBuildFile; fileRef = 3C16F02E1DBC995900B6190B /* ViewControllerbackup.bk */; };
/* End PBXBuildFile section */

/* Begin PBXContainerItemProxy section */
		3C16F0121DBC05BE00B6190B /* PBXContainerItemProxy */ = {
			isa = PBXContainerItemProxy;
			containerPortal = 3C16EFF51DBC05BE00B6190B /* Project object */;
			proxyType = 1;
			remoteGlobalIDString = 3C16EFFC1DBC05BE00B6190B;
			remoteInfo = "simple-calc";
		};
		3C16F01D1DBC05BF00B6190B /* PBXContainerItemProxy */ = {
			isa = PBXContainerItemProxy;
			containerPortal = 3C16EFF51DBC05BE00B6190B /* Project object */;
			proxyType = 1;
			remoteGlobalIDString = 3C16EFFC1DBC05BE00B6190B;
			remoteInfo = "simple-calc";
		};
/* End PBXContainerItemProxy section */

/* Begin PBXFileReference section */
		3C146B1B1DC9603300ADDEB0 /* HistoryViewController.swift */ = {isa = PBXFileReference; fileEncoding = 4; lastKnownFileType = sourcecode.swift; path = HistoryViewController.swift; sourceTree = "<group>"; };
		3C16EFFD1DBC05BE00B6190B /* simple-calc.app */ = {isa = PBXFileReference; explicitFileType = wrapper.application; includeInIndex = 0; path = "simple-calc.app"; sourceTree = BUILT_PRODUCTS_DIR; };
		3C16F0001DBC05BE00B6190B /* AppDelegate.swift */ = {isa = PBXFileReference; lastKnownFileType = sourcecode.swift; path = AppDelegate.swift; sourceTree = "<group>"; };
		3C16F0021DBC05BE00B6190B /* ViewController.swift */ = {isa = PBXFileReference; lastKnownFileType = sourcecode.swift; path = ViewController.swift; sourceTree = "<group>"; };
		3C16F0051DBC05BE00B6190B /* Base */ = {isa = PBXFileReference; lastKnownFileType = file.storyboard; name = Base; path = Base.lproj/Main.storyboard; sourceTree = "<group>"; };
		3C16F0071DBC05BE00B6190B /* Assets.xcassets */ = {isa = PBXFileReference; lastKnownFileType = folder.assetcatalog; path = Assets.xcassets; sourceTree = "<group>"; };
		3C16F00A1DBC05BE00B6190B /* Base */ = {isa = PBXFileReference; lastKnownFileType = file.storyboard; name = Base; path = Base.lproj/LaunchScreen.storyboard; sourceTree = "<group>"; };
		3C16F00C1DBC05BE00B6190B /* Info.plist */ = {isa = PBXFileReference; lastKnownFileType = text.plist.xml; path = Info.plist; sourceTree = "<group>"; };
		3C16F0111DBC05BE00B6190B /* simple-calcTests.xctest */ = {isa = PBXFileReference; explicitFileType = wrapper.cfbundle; includeInIndex = 0; path = "simple-calcTests.xctest"; sourceTree = BUILT_PRODUCTS_DIR; };
		3C16F0151DBC05BF00B6190B /* simple_calcTests.swift */ = {isa = PBXFileReference; lastKnownFileType = sourcecode.swift; path = simple_calcTests.swift; sourceTree = "<group>"; };
		3C16F0171DBC05BF00B6190B /* Info.plist */ = {isa = PBXFileReference; lastKnownFileType = text.plist.xml; path = Info.plist; sourceTree = "<group>"; };
		3C16F01C1DBC05BF00B6190B /* simple-calcUITests.xctest */ = {isa = PBXFileReference; explicitFileType = wrapper.cfbundle; includeInIndex = 0; path = "simple-calcUITests.xctest"; sourceTree = BUILT_PRODUCTS_DIR; };
		3C16F0201DBC05BF00B6190B /* simple_calcUITests.swift */ = {isa = PBXFileReference; lastKnownFileType = sourcecode.swift; path = simple_calcUITests.swift; sourceTree = "<group>"; };
		3C16F0221DBC05BF00B6190B /* Info.plist */ = {isa = PBXFileReference; lastKnownFileType = text.plist.xml; path = Info.plist; sourceTree = "<group>"; };
		3C16F02E1DBC995900B6190B /* ViewControllerbackup.bk */ = {isa = PBXFileReference; fileEncoding = 4; lastKnownFileType = text; path = ViewControllerbackup.bk; sourceTree = "<group>"; };
/* End PBXFileReference section */

/* Begin PBXFrameworksBuildPhase section */
		3C16EFFA1DBC05BE00B6190B /* Frameworks */ = {
			isa = PBXFrameworksBuildPhase;
			buildActionMask = 2147483647;
			files = (
			);
			runOnlyForDeploymentPostprocessing = 0;
		};
		3C16F00E1DBC05BE00B6190B /* Frameworks */ = {
			isa = PBXFrameworksBuildPhase;
			buildActionMask = 2147483647;
			files = (
			);
			runOnlyForDeploymentPostprocessing = 0;
		};
		3C16F0191DBC05BF00B6190B /* Frameworks */ = {
			isa = PBXFrameworksBuildPhase;
			buildActionMask = 2147483647;
			files = (
			);
			runOnlyForDeploymentPostprocessing = 0;
		};
/* End PBXFrameworksBuildPhase section */

/* Begin PBXGroup section */
		3C16EFF41DBC05BE00B6190B = {
			isa = PBXGroup;
			children = (
				3C16EFFF1DBC05BE00B6190B /* simple-calc */,
				3C16F0141DBC05BF00B6190B /* simple-calcTests */,
				3C16F01F1DBC05BF00B6190B /* simple-calcUITests */,
				3C16EFFE1DBC05BE00B6190B /* Products */,
			);
			sourceTree = "<group>";
		};
		3C16EFFE1DBC05BE00B6190B /* Products */ = {
			isa = PBXGroup;
			children = (
				3C16EFFD1DBC05BE00B6190B /* simple-calc.app */,
				3C16F0111DBC05BE00B6190B /* simple-calcTests.xctest */,
				3C16F01C1DBC05BF00B6190B /* simple-calcUITests.xctest */,
			);
			name = Products;
			sourceTree = "<group>";
		};
		3C16EFFF1DBC05BE00B6190B /* simple-calc */ = {
			isa = PBXGroup;
			children = (
				3C16F0001DBC05BE00B6190B /* AppDelegate.swift */,
				3C16F0021DBC05BE00B6190B /* ViewController.swift */,
				3C16F0041DBC05BE00B6190B /* Main.storyboard */,
				3C146B1B1DC9603300ADDEB0 /* HistoryViewController.swift */,
				3C16F0071DBC05BE00B6190B /* Assets.xcassets */,
				3C16F0091DBC05BE00B6190B /* LaunchScreen.storyboard */,
				3C16F00C1DBC05BE00B6190B /* Info.plist */,
				3C16F02E1DBC995900B6190B /* ViewControllerbackup.bk */,
			);
			path = "simple-calc";
			sourceTree = "<group>";
		};
		3C16F0141DBC05BF00B6190B /* simple-calcTests */ = {
			isa = PBXGroup;
			children = (
				3C16F0151DBC05BF00B6190B /* simple_calcTests.swift */,
				3C16F0171DBC05BF00B6190B /* Info.plist */,
			);
			path = "simple-calcTests";
			sourceTree = "<group>";
		};
		3C16F01F1DBC05BF00B6190B /* simple-calcUITests */ = {
			isa = PBXGroup;
			children = (
				3C16F0201DBC05BF00B6190B /* simple_calcUITests.swift */,
				3C16F0221DBC05BF00B6190B /* Info.plist */,
			);
			path = "simple-calcUITests";
			sourceTree = "<group>";
		};
/* End PBXGroup section */

/* Begin PBXNativeTarget section */
		3C16EFFC1DBC05BE00B6190B /* simple-calc */ = {
			isa = PBXNativeTarget;
			buildConfigurationList = 3C16F0251DBC05BF00B6190B /* Build configuration list for PBXNativeTarget "simple-calc" */;
			buildPhases = (
				3C16EFF91DBC05BE00B6190B /* Sources */,
				3C16EFFA1DBC05BE00B6190B /* Frameworks */,
				3C16EFFB1DBC05BE00B6190B /* Resources */,
			);
			buildRules = (
			);
			dependencies = (
			);
			name = "simple-calc";
			productName = "simple-calc";
			productReference = 3C16EFFD1DBC05BE00B6190B /* simple-calc.app */;
			productType = "com.apple.product-type.application";
		};
		3C16F0101DBC05BE00B6190B /* simple-calcTests */ = {
			isa = PBXNativeTarget;
			buildConfigurationList = 3C16F0281DBC05BF00B6190B /* Build configuration list for PBXNativeTarget "simple-calcTests" */;
			buildPhases = (
				3C16F00D1DBC05BE00B6190B /* Sources */,
				3C16F00E1DBC05BE00B6190B /* Frameworks */,
				3C16F00F1DBC05BE00B6190B /* Resources */,
			);
			buildRules = (
			);
			dependencies = (
				3C16F0131DBC05BE00B6190B /* PBXTargetDependency */,
			);
			name = "simple-calcTests";
			productName = "simple-calcTests";
			productReference = 3C16F0111DBC05BE00B6190B /* simple-calcTests.xctest */;
			productType = "com.apple.product-type.bundle.unit-test";
		};
		3C16F01B1DBC05BF00B6190B /* simple-calcUITests */ = {
			isa = PBXNativeTarget;
			buildConfigurationList = 3C16F02B1DBC05BF00B6190B /* Build configuration list for PBXNativeTarget "simple-calcUITests" */;
			buildPhases = (
				3C16F0181DBC05BF00B6190B /* Sources */,
				3C16F0191DBC05BF00B6190B /* Frameworks */,
				3C16F01A1DBC05BF00B6190B /* Resources */,
			);
			buildRules = (
			);
			dependencies = (
				3C16F01E1DBC05BF00B6190B /* PBXTargetDependency */,
			);
			name = "simple-calcUITests";
			productName = "simple-calcUITests";
			productReference = 3C16F01C1DBC05BF00B6190B /* simple-calcUITests.xctest */;
			productType = "com.apple.product-type.bundle.ui-testing";
		};
/* End PBXNativeTarget section */

/* Begin PBXProject section */
		3C16EFF51DBC05BE00B6190B /* Project object */ = {
			isa = PBXProject;
			attributes = {
				LastSwiftUpdateCheck = 0800;
				LastUpgradeCheck = 0800;
				ORGANIZATIONNAME = Ian;
				TargetAttributes = {
					3C16EFFC1DBC05BE00B6190B = {
						CreatedOnToolsVersion = 8.0;
						DevelopmentTeam = VGAP45ASAP;
						ProvisioningStyle = Automatic;
					};
					3C16F0101DBC05BE00B6190B = {
						CreatedOnToolsVersion = 8.0;
						DevelopmentTeam = VGAP45ASAP;
						ProvisioningStyle = Automatic;
						TestTargetID = 3C16EFFC1DBC05BE00B6190B;
					};
					3C16F01B1DBC05BF00B6190B = {
						CreatedOnToolsVersion = 8.0;
						DevelopmentTeam = VGAP45ASAP;
						ProvisioningStyle = Automatic;
						TestTargetID = 3C16EFFC1DBC05BE00B6190B;
					};
				};
			};
			buildConfigurationList = 3C16EFF81DBC05BE00B6190B /* Build configuration list for PBXProject "simple-calc" */;
			compatibilityVersion = "Xcode 3.2";
			developmentRegion = English;
			hasScannedForEncodings = 0;
			knownRegions = (
				en,
				Base,
			);
			mainGroup = 3C16EFF41DBC05BE00B6190B;
			productRefGroup = 3C16EFFE1DBC05BE00B6190B /* Products */;
			projectDirPath = "";
			projectRoot = "";
			targets = (
				3C16EFFC1DBC05BE00B6190B /* simple-calc */,
				3C16F0101DBC05BE00B6190B /* simple-calcTests */,
				3C16F01B1DBC05BF00B6190B /* simple-calcUITests */,
			);
		};
/* End PBXProject section */

/* Begin PBXResourcesBuildPhase section */
		3C16EFFB1DBC05BE00B6190B /* Resources */ = {
			isa = PBXResourcesBuildPhase;
			buildActionMask = 2147483647;
			files = (
				3C16F00B1DBC05BE00B6190B /* LaunchScreen.storyboard in Resources */,
				3C16F0081DBC05BE00B6190B /* Assets.xcassets in Resources */,
				3C16F0061DBC05BE00B6190B /* Main.storyboard in Resources */,
			);
			runOnlyForDeploymentPostprocessing = 0;
		};
		3C16F00F1DBC05BE00B6190B /* Resources */ = {
			isa = PBXResourcesBuildPhase;
			buildActionMask = 2147483647;
			files = (
			);
			runOnlyForDeploymentPostprocessing = 0;
		};
		3C16F01A1DBC05BF00B6190B /* Resources */ = {
			isa = PBXResourcesBuildPhase;
			buildActionMask = 2147483647;
			files = (
			);
			runOnlyForDeploymentPostprocessing = 0;
		};
/* End PBXResourcesBuildPhase section */

/* Begin PBXSourcesBuildPhase section */
		3C16EFF91DBC05BE00B6190B /* Sources */ = {
			isa = PBXSourcesBuildPhase;
			buildActionMask = 2147483647;
			files = (
				3C16F0031DBC05BE00B6190B /* ViewController.swift in Sources */,
				3C16F0011DBC05BE00B6190B /* AppDelegate.swift in Sources */,
				3C16F02F1DBC995900B6190B /* ViewControllerbackup.bk in Sources */,
				3C146B1C1DC9603300ADDEB0 /* HistoryViewController.swift in Sources */,
			);
			runOnlyForDeploymentPostprocessing = 0;
		};
		3C16F00D1DBC05BE00B6190B /* Sources */ = {
			isa = PBXSourcesBuildPhase;
			buildActionMask = 2147483647;
			files = (
				3C16F0161DBC05BF00B6190B /* simple_calcTests.swift in Sources */,
			);
			runOnlyForDeploymentPostprocessing = 0;
		};
		3C16F0181DBC05BF00B6190B /* Sources */ = {
			isa = PBXSourcesBuildPhase;
			buildActionMask = 2147483647;
			files = (
				3C16F0211DBC05BF00B6190B /* simple_calcUITests.swift in Sources */,
			);
			runOnlyForDeploymentPostprocessing = 0;
		};
/* End PBXSourcesBuildPhase section */

/* Begin PBXTargetDependency section */
		3C16F0131DBC05BE00B6190B /* PBXTargetDependency */ = {
			isa = PBXTargetDependency;
			target = 3C16EFFC1DBC05BE00B6190B /* simple-calc */;
			targetProxy = 3C16F0121DBC05BE00B6190B /* PBXContainerItemProxy */;
		};
		3C16F01E1DBC05BF00B6190B /* PBXTargetDependency */ = {
			isa = PBXTargetDependency;
			target = 3C16EFFC1DBC05BE00B6190B /* simple-calc */;
			targetProxy = 3C16F01D1DBC05BF00B6190B /* PBXContainerItemProxy */;
		};
/* End PBXTargetDependency section */

/* Begin PBXVariantGroup section */
		3C16F0041DBC05BE00B6190B /* Main.storyboard */ = {
			isa = PBXVariantGroup;
			children = (
				3C16F0051DBC05BE00B6190B /* Base */,
			);
			name = Main.storyboard;
			sourceTree = "<group>";
		};
		3C16F0091DBC05BE00B6190B /* LaunchScreen.storyboard */ = {
			isa = PBXVariantGroup;
			children = (
				3C16F00A1DBC05BE00B6190B /* Base */,
			);
			name = LaunchScreen.storyboard;
			sourceTree = "<group>";
		};
/* End PBXVariantGroup section */

/* Begin XCBuildConfiguration section */
		3C16F0231DBC05BF00B6190B /* Debug */ = {
			isa = XCBuildConfiguration;
			buildSettings = {
				ALWAYS_SEARCH_USER_PATHS = NO;
				CLANG_ANALYZER_NONNULL = YES;
				CLANG_CXX_LANGUAGE_STANDARD = "gnu++0x";
				CLANG_CXX_LIBRARY = "libc++";
				CLANG_ENABLE_MODULES = YES;
				CLANG_ENABLE_OBJC_ARC = YES;
				CLANG_WARN_BOOL_CONVERSION = YES;
				CLANG_WARN_CONSTANT_CONVERSION = YES;
				CLANG_WARN_DIRECT_OBJC_ISA_USAGE = YES_ERROR;
				CLANG_WARN_DOCUMENTATION_COMMENTS = YES;
				CLANG_WARN_EMPTY_BODY = YES;
				CLANG_WARN_ENUM_CONVERSION = YES;
				CLANG_WARN_INFINITE_RECURSION = YES;
				CLANG_WARN_INT_CONVERSION = YES;
				CLANG_WARN_OBJC_ROOT_CLASS = YES_ERROR;
				CLANG_WARN_SUSPICIOUS_MOVES = YES;
				CLANG_WARN_UNREACHABLE_CODE = YES;
				CLANG_WARN__DUPLICATE_METHOD_MATCH = YES;
				"CODE_SIGN_IDENTITY[sdk=iphoneos*]" = "iPhone Developer";
				COPY_PHASE_STRIP = NO;
				DEBUG_INFORMATION_FORMAT = dwarf;
				ENABLE_STRICT_OBJC_MSGSEND = YES;
				ENABLE_TESTABILITY = YES;
				GCC_C_LANGUAGE_STANDARD = gnu99;
				GCC_DYNAMIC_NO_PIC = NO;
				GCC_NO_COMMON_BLOCKS = YES;
				GCC_OPTIMIZATION_LEVEL = 0;
				GCC_PREPROCESSOR_DEFINITIONS = (
					"DEBUG=1",
					"$(inherited)",
				);
				GCC_WARN_64_TO_32_BIT_CONVERSION = YES;
				GCC_WARN_ABOUT_RETURN_TYPE = YES_ERROR;
				GCC_WARN_UNDECLARED_SELECTOR = YES;
				GCC_WARN_UNINITIALIZED_AUTOS = YES_AGGRESSIVE;
				GCC_WARN_UNUSED_FUNCTION = YES;
				GCC_WARN_UNUSED_VARIABLE = YES;
				IPHONEOS_DEPLOYMENT_TARGET = 10.0;
				MTL_ENABLE_DEBUG_INFO = YES;
				ONLY_ACTIVE_ARCH = YES;
				SDKROOT = iphoneos;
				SWIFT_ACTIVE_COMPILATION_CONDITIONS = DEBUG;
				SWIFT_OPTIMIZATION_LEVEL = "-Onone";
			};
			name = Debug;
		};
		3C16F0241DBC05BF00B6190B /* Release */ = {
			isa = XCBuildConfiguration;
			buildSettings = {
				ALWAYS_SEARCH_USER_PATHS = NO;
				CLANG_ANALYZER_NONNULL = YES;
				CLANG_CXX_LANGUAGE_STANDARD = "gnu++0x";
				CLANG_CXX_LIBRARY = "libc++";
				CLANG_ENABLE_MODULES = YES;
				CLANG_ENABLE_OBJC_ARC = YES;
				CLANG_WARN_BOOL_CONVERSION = YES;
				CLANG_WARN_CONSTANT_CONVERSION = YES;
				CLANG_WARN_DIRECT_OBJC_ISA_USAGE = YES_ERROR;
				CLANG_WARN_DOCUMENTATION_COMMENTS = YES;
				CLANG_WARN_EMPTY_BODY = YES;
				CLANG_WARN_ENUM_CONVERSION = YES;
				CLANG_WARN_INFINITE_RECURSION = YES;
				CLANG_WARN_INT_CONVERSION = YES;
				CLANG_WARN_OBJC_ROOT_CLASS = YES_ERROR;
				CLANG_WARN_SUSPICIOUS_MOVES = YES;
				CLANG_WARN_UNREACHABLE_CODE = YES;
				CLANG_WARN__DUPLICATE_METHOD_MATCH = YES;
				"CODE_SIGN_IDENTITY[sdk=iphoneos*]" = "iPhone Developer";
				COPY_PHASE_STRIP = NO;
				DEBUG_INFORMATION_FORMAT = "dwarf-with-dsym";
				ENABLE_NS_ASSERTIONS = NO;
				ENABLE_STRICT_OBJC_MSGSEND = YES;
				GCC_C_LANGUAGE_STANDARD = gnu99;
				GCC_NO_COMMON_BLOCKS = YES;
				GCC_WARN_64_TO_32_BIT_CONVERSION = YES;
				GCC_WARN_ABOUT_RETURN_TYPE = YES_ERROR;
				GCC_WARN_UNDECLARED_SELECTOR = YES;
				GCC_WARN_UNINITIALIZED_AUTOS = YES_AGGRESSIVE;
				GCC_WARN_UNUSED_FUNCTION = YES;
				GCC_WARN_UNUSED_VARIABLE = YES;
				IPHONEOS_DEPLOYMENT_TARGET = 10.0;
				MTL_ENABLE_DEBUG_INFO = NO;
				SDKROOT = iphoneos;
				SWIFT_OPTIMIZATION_LEVEL = "-Owholemodule";
				VALIDATE_PRODUCT = YES;
			};
			name = Release;
		};
		3C16F0261DBC05BF00B6190B /* Debug */ = {
			isa = XCBuildConfiguration;
			buildSettings = {
				ASSETCATALOG_COMPILER_APPICON_NAME = AppIcon;
				DEVELOPMENT_TEAM = VGAP45ASAP;
				INFOPLIST_FILE = "simple-calc/Info.plist";
				IPHONEOS_DEPLOYMENT_TARGET = 9.3;
				LD_RUNPATH_SEARCH_PATHS = "$(inherited) @executable_path/Frameworks";
				PRODUCT_BUNDLE_IDENTIFIER = "com.iangonzales.simple-calc";
				PRODUCT_NAME = "$(TARGET_NAME)";
				SWIFT_VERSION = 3.0;
			};
			name = Debug;
		};
		3C16F0271DBC05BF00B6190B /* Release */ = {
			isa = XCBuildConfiguration;
			buildSettings = {
				ASSETCATALOG_COMPILER_APPICON_NAME = AppIcon;
				DEVELOPMENT_TEAM = VGAP45ASAP;
				INFOPLIST_FILE = "simple-calc/Info.plist";
				IPHONEOS_DEPLOYMENT_TARGET = 9.3;
				LD_RUNPATH_SEARCH_PATHS = "$(inherited) @executable_path/Frameworks";
				PRODUCT_BUNDLE_IDENTIFIER = "com.iangonzales.simple-calc";
				PRODUCT_NAME = "$(TARGET_NAME)";
				SWIFT_VERSION = 3.0;
			};
			name = Release;
		};
		3C16F0291DBC05BF00B6190B /* Debug */ = {
			isa = XCBuildConfiguration;
			buildSettings = {
				ALWAYS_EMBED_SWIFT_STANDARD_LIBRARIES = YES;
				BUNDLE_LOADER = "$(TEST_HOST)";
				DEVELOPMENT_TEAM = VGAP45ASAP;
				INFOPLIST_FILE = "simple-calcTests/Info.plist";
				LD_RUNPATH_SEARCH_PATHS = "$(inherited) @executable_path/Frameworks @loader_path/Frameworks";
				PRODUCT_BUNDLE_IDENTIFIER = "com.iangonzales.simple-calcTests";
				PRODUCT_NAME = "$(TARGET_NAME)";
				SWIFT_VERSION = 3.0;
				TEST_HOST = "$(BUILT_PRODUCTS_DIR)/simple-calc.app/simple-calc";
			};
			name = Debug;
		};
		3C16F02A1DBC05BF00B6190B /* Release */ = {
			isa = XCBuildConfiguration;
			buildSettings = {
				ALWAYS_EMBED_SWIFT_STANDARD_LIBRARIES = YES;
				BUNDLE_LOADER = "$(TEST_HOST)";
				DEVELOPMENT_TEAM = VGAP45ASAP;
				INFOPLIST_FILE = "simple-calcTests/Info.plist";
				LD_RUNPATH_SEARCH_PATHS = "$(inherited) @executable_path/Frameworks @loader_path/Frameworks";
				PRODUCT_BUNDLE_IDENTIFIER = "com.iangonzales.simple-calcTests";
				PRODUCT_NAME = "$(TARGET_NAME)";
				SWIFT_VERSION = 3.0;
				TEST_HOST = "$(BUILT_PRODUCTS_DIR)/simple-calc.app/simple-calc";
			};
			name = Release;
		};
		3C16F02C1DBC05BF00B6190B /* Debug */ = {
			isa = XCBuildConfiguration;
			buildSettings = {
				ALWAYS_EMBED_SWIFT_STANDARD_LIBRARIES = YES;
				DEVELOPMENT_TEAM = VGAP45ASAP;
				INFOPLIST_FILE = "simple-calcUITests/Info.plist";
				LD_RUNPATH_SEARCH_PATHS = "$(inherited) @executable_path/Frameworks @loader_path/Frameworks";
				PRODUCT_BUNDLE_IDENTIFIER = "com.iangonzales.simple-calcUITests";
				PRODUCT_NAME = "$(TARGET_NAME)";
				SWIFT_VERSION = 3.0;
				TEST_TARGET_NAME = "simple-calc";
			};
			name = Debug;
		};
		3C16F02D1DBC05BF00B6190B /* Release */ = {
			isa = XCBuildConfiguration;
			buildSettings = {
				ALWAYS_EMBED_SWIFT_STANDARD_LIBRARIES = YES;
				DEVELOPMENT_TEAM = VGAP45ASAP;
				INFOPLIST_FILE = "simple-calcUITests/Info.plist";
				LD_RUNPATH_SEARCH_PATHS = "$(inherited) @executable_path/Frameworks @loader_path/Frameworks";
				PRODUCT_BUNDLE_IDENTIFIER = "com.iangonzales.simple-calcUITests";
				PRODUCT_NAME = "$(TARGET_NAME)";
				SWIFT_VERSION = 3.0;
				TEST_TARGET_NAME = "simple-calc";
			};
			name = Release;
		};
/* End XCBuildConfiguration section */

/* Begin XCConfigurationList section */
		3C16EFF81DBC05BE00B6190B /* Build configuration list for PBXProject "simple-calc" */ = {
			isa = XCConfigurationList;
			buildConfigurations = (
				3C16F0231DBC05BF00B6190B /* Debug */,
				3C16F0241DBC05BF00B6190B /* Release */,
			);
			defaultConfigurationIsVisible = 0;
			defaultConfigurationName = Release;
		};
		3C16F0251DBC05BF00B6190B /* Build configuration list for PBXNativeTarget "simple-calc" */ = {
			isa = XCConfigurationList;
			buildConfigurations = (
				3C16F0261DBC05BF00B6190B /* Debug */,
				3C16F0271DBC05BF00B6190B /* Release */,
			);
			defaultConfigurationIsVisible = 0;
			defaultConfigurationName = Release;
		};
		3C16F0281DBC05BF00B6190B /* Build configuration list for PBXNativeTarget "simple-calcTests" */ = {
			isa = XCConfigurationList;
			buildConfigurations = (
				3C16F0291DBC05BF00B6190B /* Debug */,
				3C16F02A1DBC05BF00B6190B /* Release */,
			);
			defaultConfigurationIsVisible = 0;
			defaultConfigurationName = Release;
		};
		3C16F02B1DBC05BF00B6190B /* Build configuration list for PBXNativeTarget "simple-calcUITests" */ = {
			isa = XCConfigurationList;
			buildConfigurations = (
				3C16F02C1DBC05BF00B6190B /* Debug */,
				3C16F02D1DBC05BF00B6190B /* Release */,
			);
			defaultConfigurationIsVisible = 0;
			defaultConfigurationName = Release;
		};
/* End XCConfigurationList section */
	};
	rootObject = 3C16EFF51DBC05BE00B6190B /* Project object */;
}
